
Microsoft Visual Studio Solution File, Format Version 10.00
# Visual Studio 2008
Project("{8BC9CEB8-8B4A-11D0-8D11-00A0C91BC942}") = "heaps", "heaps\heaps.vcproj", "{B98FF045-C122-41E0-A3E0-AD0DE1BD8024}"
EndProject
Global
	GlobalSection(SolutionConfigurationPlatforms) = preSolution
		Debug|Win32 = Debug|Win32
		Release|Win32 = Release|Win32
	EndGlobalSection
	GlobalSection(ProjectConfigurationPlatforms) = postSolution
		{B98FF045-C122-41E0-A3E0-AD0DE1BD8024}.Debug|Win32.ActiveCfg = Debug|Win32
		{B98FF045-C122-41E0-A3E0-AD0DE1BD8024}.Debug|Win32.Build.0 = Debug|Win32
		{B98FF045-C122-41E0-A3E0-AD0DE1BD8024}.Release|Win32.ActiveCfg = Release|Win32
		{B98FF045-C122-41E0-A3E0-AD0DE1BD8024}.Release|Win32.Build.0 = Release|Win32
	EndGlobalSection
	GlobalSection(SolutionProperties) = preSolution
		HideSolutionNode = FALSE
	EndGlobalSection
EndGlobal
