
Microsoft Visual Studio Solution File, Format Version 10.00
# Visual Studio 2008
Project("{8BC9CEB8-8B4A-11D0-8D11-00A0C91BC942}") = "stacks", "stacks\stacks.vcproj", "{1EB4BCC1-27C3-4CC7-82F0-334810D86218}"
EndProject
Global
	GlobalSection(SolutionConfigurationPlatforms) = preSolution
		Debug|Win32 = Debug|Win32
		Release|Win32 = Release|Win32
	EndGlobalSection
	GlobalSection(ProjectConfigurationPlatforms) = postSolution
		{1EB4BCC1-27C3-4CC7-82F0-334810D86218}.Debug|Win32.ActiveCfg = Debug|Win32
		{1EB4BCC1-27C3-4CC7-82F0-334810D86218}.Debug|Win32.Build.0 = Debug|Win32
		{1EB4BCC1-27C3-4CC7-82F0-334810D86218}.Release|Win32.ActiveCfg = Release|Win32
		{1EB4BCC1-27C3-4CC7-82F0-334810D86218}.Release|Win32.Build.0 = Release|Win32
	EndGlobalSection
	GlobalSection(SolutionProperties) = preSolution
		HideSolutionNode = FALSE
	EndGlobalSection
EndGlobal
